# This file was autogenerated by Stack.
# You should not edit this file by hand.
# For more information, please see the documentation at:
#   https://docs.haskellstack.org/en/stable/lock_files

packages:
- completed:
    name: typecheck-plugin-nat-simple
    version: 0.1.0.0
    git: https://github.com/YoshikuniJujo/typecheck-plugin-nat-simple
    pantry-tree:
      size: 1513
      sha256: 4531115b41431f99d8e0c4fff3f8efe3b7b28115217446611027c4011c1ef593
    commit: 07050839446ef616d4a58f1d24ccc765c83a8fc2
  original:
    git: https://github.com/YoshikuniJujo/typecheck-plugin-nat-simple
    commit: 07050839446ef616d4a58f1d24ccc765c83a8fc2
snapshots:
- completed:
    size: 533252
    url: https://raw.githubusercontent.com/commercialhaskell/stackage-snapshots/master/lts/16/26.yaml
    sha256: cdbc5db9c1afe80a5998247939027a0c7db92fa0f20b5cd01596ec3da628b622
  original: lts-16.26
